
Microsoft Visual Studio Solution File, Format Version 12.00
# Visual Studio Express 2012 for Windows Phone
Project("{FAE04EC0-301F-11D3-BF4B-00C04F79EFBC}") = "Velpro", "Velpro\Velpro.csproj", "{56E0F3CE-CD9E-4C21-8EE6-303463EF389A}"
EndProject
Global
	GlobalSection(SolutionConfigurationPlatforms) = preSolution
		Debug|Any CPU = Debug|Any CPU
		Debug|ARM = Debug|ARM
		Debug|x86 = Debug|x86
		Release|Any CPU = Release|Any CPU
		Release|ARM = Release|ARM
		Release|x86 = Release|x86
	EndGlobalSection
	GlobalSection(ProjectConfigurationPlatforms) = postSolution
		{56E0F3CE-CD9E-4C21-8EE6-303463EF389A}.Debug|Any CPU.ActiveCfg = Debug|Any CPU
		{56E0F3CE-CD9E-4C21-8EE6-303463EF389A}.Debug|Any CPU.Build.0 = Debug|Any CPU
		{56E0F3CE-CD9E-4C21-8EE6-303463EF389A}.Debug|Any CPU.Deploy.0 = Debug|Any CPU
		{56E0F3CE-CD9E-4C21-8EE6-303463EF389A}.Debug|ARM.ActiveCfg = Debug|ARM
		{56E0F3CE-CD9E-4C21-8EE6-303463EF389A}.Debug|ARM.Build.0 = Debug|ARM
		{56E0F3CE-CD9E-4C21-8EE6-303463EF389A}.Debug|ARM.Deploy.0 = Debug|ARM
		{56E0F3CE-CD9E-4C21-8EE6-303463EF389A}.Debug|x86.ActiveCfg = Debug|x86
		{56E0F3CE-CD9E-4C21-8EE6-303463EF389A}.Debug|x86.Build.0 = Debug|x86
		{56E0F3CE-CD9E-4C21-8EE6-303463EF389A}.Debug|x86.Deploy.0 = Debug|x86
		{56E0F3CE-CD9E-4C21-8EE6-303463EF389A}.Release|Any CPU.ActiveCfg = Release|Any CPU
		{56E0F3CE-CD9E-4C21-8EE6-303463EF389A}.Release|Any CPU.Build.0 = Release|Any CPU
		{56E0F3CE-CD9E-4C21-8EE6-303463EF389A}.Release|Any CPU.Deploy.0 = Release|Any CPU
		{56E0F3CE-CD9E-4C21-8EE6-303463EF389A}.Release|ARM.ActiveCfg = Release|ARM
		{56E0F3CE-CD9E-4C21-8EE6-303463EF389A}.Release|ARM.Build.0 = Release|ARM
		{56E0F3CE-CD9E-4C21-8EE6-303463EF389A}.Release|ARM.Deploy.0 = Release|ARM
		{56E0F3CE-CD9E-4C21-8EE6-303463EF389A}.Release|x86.ActiveCfg = Release|x86
		{56E0F3CE-CD9E-4C21-8EE6-303463EF389A}.Release|x86.Build.0 = Release|x86
		{56E0F3CE-CD9E-4C21-8EE6-303463EF389A}.Release|x86.Deploy.0 = Release|x86
	EndGlobalSection
	GlobalSection(SolutionProperties) = preSolution
		HideSolutionNode = FALSE
	EndGlobalSection
EndGlobal
